
Microsoft Visual Studio Solution File, Format Version 12.00
# Visual Studio 15
VisualStudioVersion = 15.0.28307.572
MinimumVisualStudioVersion = 10.0.40219.1
Project("{FAE04EC0-301F-11D3-BF4B-00C04F79EFBC}") = "ModTechMaster.UI", "ModTechMaster\ModTechMaster.UI.csproj", "{CE2CC0F5-EC48-4070-B25A-F06A8D60C2C6}"
EndProject
Project("{FAE04EC0-301F-11D3-BF4B-00C04F79EFBC}") = "ModTechMaster.Core", "ModTechMaster.Core\ModTechMaster.Core.csproj", "{F1C5C7C8-C8F3-46FC-9339-746DC0A2A185}"
EndProject
Project("{FAE04EC0-301F-11D3-BF4B-00C04F79EFBC}") = "Framework.Data", "Framework\Framework.DAL\Framework.Data.csproj", "{8F596DA0-4ED3-4F43-AF4E-59FC0B1AA68F}"
EndProject
Project("{FAE04EC0-301F-11D3-BF4B-00C04F79EFBC}") = "Framework.Domain", "Framework\Framework.Domain\Framework.Domain.csproj", "{159224C6-28E6-411F-961E-78B950979FA6}"
EndProject
Project("{FAE04EC0-301F-11D3-BF4B-00C04F79EFBC}") = "Framework.Interfaces", "Framework\Framework.Interfaces\Framework.Interfaces.csproj", "{10BE1F82-995B-4A1B-AE48-AFF3B784F24B}"
EndProject
Project("{FAE04EC0-301F-11D3-BF4B-00C04F79EFBC}") = "Framework.Logic", "Framework\Framework.Logic\Framework.Logic.csproj", "{D2F2AA1A-8A0D-45B9-8491-CFDFF2B78A47}"
EndProject
Project("{FAE04EC0-301F-11D3-BF4B-00C04F79EFBC}") = "Framework.Utils", "Framework\Framework.Utils\Framework.Utils.csproj", "{E851E212-1EB4-40B4-8596-31FF26AE2594}"
EndProject
Project("{FAE04EC0-301F-11D3-BF4B-00C04F79EFBC}") = "Framework.Windsor", "Framework\Framework.Windsor\Framework.Windsor.csproj", "{463CE74A-0771-437B-B4E6-E058269311B9}"
EndProject
Project("{2150E333-8FDC-42A3-9474-1A3956D46DE8}") = "Framework", "Framework", "{580D962A-4D28-4334-A53D-BBC2653C5934}"
EndProject
Project("{FAE04EC0-301F-11D3-BF4B-00C04F79EFBC}") = "ModTechMaster.Data", "ModTechMaster.Data\ModTechMaster.Data.csproj", "{0A8E1776-19B5-41AE-959D-E887E06C4C4A}"
EndProject
Project("{FAE04EC0-301F-11D3-BF4B-00C04F79EFBC}") = "ModTechMaster.Logic", "ModTechMaster.Logic\ModTechMaster.Logic.csproj", "{D9D9B467-A546-49C2-843D-45BE8E730FF8}"
EndProject
Project("{FAE04EC0-301F-11D3-BF4B-00C04F79EFBC}") = "MTM", "MTM\MTM.csproj", "{900EA66A-2ECD-423E-8AD0-6F46DF2999E0}"
EndProject
Project("{2150E333-8FDC-42A3-9474-1A3956D46DE8}") = "Utils", "Utils", "{AA160D43-E8B9-4402-BBD2-8E1A1D8703B1}"
EndProject
Project("{FAE04EC0-301F-11D3-BF4B-00C04F79EFBC}") = "MTMScrape", "MTMScrape\MTMScrape.csproj", "{9A94A91A-329F-4559-937C-D15DC2CBE72A}"
EndProject
Project("{2150E333-8FDC-42A3-9474-1A3956D46DE8}") = "Solution Files", "Solution Files", "{337F1856-2902-4934-8962-AD9E1E42580E}"
	ProjectSection(SolutionItems) = preProject
		scratch.txt = scratch.txt
	EndProjectSection
EndProject
Project("{FAE04EC0-301F-11D3-BF4B-00C04F79EFBC}") = "ModTechMaster.UI.Plugins.ModCopy", "ModTechMaster.UI.Plugins.ModCopy\ModTechMaster.UI.Plugins.ModCopy.csproj", "{36B0C54B-2F26-4D6F-907C-A19FD8B7A064}"
EndProject
Project("{FAE04EC0-301F-11D3-BF4B-00C04F79EFBC}") = "ModTechMaster.UI.Plugins.Core", "ModTechMaster.UI.Plugins.Core\ModTechMaster.UI.Plugins.Core.csproj", "{5043194F-4908-4337-A148-97B9CBD8CB82}"
EndProject
Project("{FAE04EC0-301F-11D3-BF4B-00C04F79EFBC}") = "ModTechMaster.UI.Data", "ModTechMaster.UI.Data\ModTechMaster.UI.Data.csproj", "{305B2295-0C04-48D6-914B-4B1C30C153CC}"
EndProject
Project("{FAE04EC0-301F-11D3-BF4B-00C04F79EFBC}") = "ModTechMaster.UI.Core", "ModTechMaster.UI.Core\ModTechMaster.UI.Core.csproj", "{2517EF78-4C4F-4F3A-A245-31CCBC0E2003}"
EndProject
Global
	GlobalSection(SolutionConfigurationPlatforms) = preSolution
		Debug|Any CPU = Debug|Any CPU
		Debug|x64 = Debug|x64
		Debug|x86 = Debug|x86
		Release|Any CPU = Release|Any CPU
		Release|x64 = Release|x64
		Release|x86 = Release|x86
	EndGlobalSection
	GlobalSection(ProjectConfigurationPlatforms) = postSolution
		{CE2CC0F5-EC48-4070-B25A-F06A8D60C2C6}.Debug|Any CPU.ActiveCfg = Debug|Any CPU
		{CE2CC0F5-EC48-4070-B25A-F06A8D60C2C6}.Debug|Any CPU.Build.0 = Debug|Any CPU
		{CE2CC0F5-EC48-4070-B25A-F06A8D60C2C6}.Debug|x64.ActiveCfg = Debug|Any CPU
		{CE2CC0F5-EC48-4070-B25A-F06A8D60C2C6}.Debug|x64.Build.0 = Debug|Any CPU
		{CE2CC0F5-EC48-4070-B25A-F06A8D60C2C6}.Debug|x86.ActiveCfg = Debug|Any CPU
		{CE2CC0F5-EC48-4070-B25A-F06A8D60C2C6}.Debug|x86.Build.0 = Debug|Any CPU
		{CE2CC0F5-EC48-4070-B25A-F06A8D60C2C6}.Release|Any CPU.ActiveCfg = Release|Any CPU
		{CE2CC0F5-EC48-4070-B25A-F06A8D60C2C6}.Release|Any CPU.Build.0 = Release|Any CPU
		{CE2CC0F5-EC48-4070-B25A-F06A8D60C2C6}.Release|x64.ActiveCfg = Release|Any CPU
		{CE2CC0F5-EC48-4070-B25A-F06A8D60C2C6}.Release|x64.Build.0 = Release|Any CPU
		{CE2CC0F5-EC48-4070-B25A-F06A8D60C2C6}.Release|x86.ActiveCfg = Release|Any CPU
		{CE2CC0F5-EC48-4070-B25A-F06A8D60C2C6}.Release|x86.Build.0 = Release|Any CPU
		{F1C5C7C8-C8F3-46FC-9339-746DC0A2A185}.Debug|Any CPU.ActiveCfg = Debug|Any CPU
		{F1C5C7C8-C8F3-46FC-9339-746DC0A2A185}.Debug|Any CPU.Build.0 = Debug|Any CPU
		{F1C5C7C8-C8F3-46FC-9339-746DC0A2A185}.Debug|x64.ActiveCfg = Debug|Any CPU
		{F1C5C7C8-C8F3-46FC-9339-746DC0A2A185}.Debug|x64.Build.0 = Debug|Any CPU
		{F1C5C7C8-C8F3-46FC-9339-746DC0A2A185}.Debug|x86.ActiveCfg = Debug|Any CPU
		{F1C5C7C8-C8F3-46FC-9339-746DC0A2A185}.Debug|x86.Build.0 = Debug|Any CPU
		{F1C5C7C8-C8F3-46FC-9339-746DC0A2A185}.Release|Any CPU.ActiveCfg = Release|Any CPU
		{F1C5C7C8-C8F3-46FC-9339-746DC0A2A185}.Release|Any CPU.Build.0 = Release|Any CPU
		{F1C5C7C8-C8F3-46FC-9339-746DC0A2A185}.Release|x64.ActiveCfg = Release|Any CPU
		{F1C5C7C8-C8F3-46FC-9339-746DC0A2A185}.Release|x64.Build.0 = Release|Any CPU
		{F1C5C7C8-C8F3-46FC-9339-746DC0A2A185}.Release|x86.ActiveCfg = Release|Any CPU
		{F1C5C7C8-C8F3-46FC-9339-746DC0A2A185}.Release|x86.Build.0 = Release|Any CPU
		{8F596DA0-4ED3-4F43-AF4E-59FC0B1AA68F}.Debug|Any CPU.ActiveCfg = Debug|Any CPU
		{8F596DA0-4ED3-4F43-AF4E-59FC0B1AA68F}.Debug|Any CPU.Build.0 = Debug|Any CPU
		{8F596DA0-4ED3-4F43-AF4E-59FC0B1AA68F}.Debug|x64.ActiveCfg = Debug|Any CPU
		{8F596DA0-4ED3-4F43-AF4E-59FC0B1AA68F}.Debug|x64.Build.0 = Debug|Any CPU
		{8F596DA0-4ED3-4F43-AF4E-59FC0B1AA68F}.Debug|x86.ActiveCfg = Debug|Any CPU
		{8F596DA0-4ED3-4F43-AF4E-59FC0B1AA68F}.Debug|x86.Build.0 = Debug|Any CPU
		{8F596DA0-4ED3-4F43-AF4E-59FC0B1AA68F}.Release|Any CPU.ActiveCfg = Release|Any CPU
		{8F596DA0-4ED3-4F43-AF4E-59FC0B1AA68F}.Release|Any CPU.Build.0 = Release|Any CPU
		{8F596DA0-4ED3-4F43-AF4E-59FC0B1AA68F}.Release|x64.ActiveCfg = Release|Any CPU
		{8F596DA0-4ED3-4F43-AF4E-59FC0B1AA68F}.Release|x64.Build.0 = Release|Any CPU
		{8F596DA0-4ED3-4F43-AF4E-59FC0B1AA68F}.Release|x86.ActiveCfg = Release|Any CPU
		{8F596DA0-4ED3-4F43-AF4E-59FC0B1AA68F}.Release|x86.Build.0 = Release|Any CPU
		{159224C6-28E6-411F-961E-78B950979FA6}.Debug|Any CPU.ActiveCfg = Debug|Any CPU
		{159224C6-28E6-411F-961E-78B950979FA6}.Debug|Any CPU.Build.0 = Debug|Any CPU
		{159224C6-28E6-411F-961E-78B950979FA6}.Debug|x64.ActiveCfg = Debug|Any CPU
		{159224C6-28E6-411F-961E-78B950979FA6}.Debug|x64.Build.0 = Debug|Any CPU
		{159224C6-28E6-411F-961E-78B950979FA6}.Debug|x86.ActiveCfg = Debug|Any CPU
		{159224C6-28E6-411F-961E-78B950979FA6}.Debug|x86.Build.0 = Debug|Any CPU
		{159224C6-28E6-411F-961E-78B950979FA6}.Release|Any CPU.ActiveCfg = Release|Any CPU
		{159224C6-28E6-411F-961E-78B950979FA6}.Release|Any CPU.Build.0 = Release|Any CPU
		{159224C6-28E6-411F-961E-78B950979FA6}.Release|x64.ActiveCfg = Release|Any CPU
		{159224C6-28E6-411F-961E-78B950979FA6}.Release|x64.Build.0 = Release|Any CPU
		{159224C6-28E6-411F-961E-78B950979FA6}.Release|x86.ActiveCfg = Release|Any CPU
		{159224C6-28E6-411F-961E-78B950979FA6}.Release|x86.Build.0 = Release|Any CPU
		{10BE1F82-995B-4A1B-AE48-AFF3B784F24B}.Debug|Any CPU.ActiveCfg = Debug|Any CPU
		{10BE1F82-995B-4A1B-AE48-AFF3B784F24B}.Debug|Any CPU.Build.0 = Debug|Any CPU
		{10BE1F82-995B-4A1B-AE48-AFF3B784F24B}.Debug|x64.ActiveCfg = Debug|Any CPU
		{10BE1F82-995B-4A1B-AE48-AFF3B784F24B}.Debug|x64.Build.0 = Debug|Any CPU
		{10BE1F82-995B-4A1B-AE48-AFF3B784F24B}.Debug|x86.ActiveCfg = Debug|Any CPU
		{10BE1F82-995B-4A1B-AE48-AFF3B784F24B}.Debug|x86.Build.0 = Debug|Any CPU
		{10BE1F82-995B-4A1B-AE48-AFF3B784F24B}.Release|Any CPU.ActiveCfg = Release|Any CPU
		{10BE1F82-995B-4A1B-AE48-AFF3B784F24B}.Release|Any CPU.Build.0 = Release|Any CPU
		{10BE1F82-995B-4A1B-AE48-AFF3B784F24B}.Release|x64.ActiveCfg = Release|Any CPU
		{10BE1F82-995B-4A1B-AE48-AFF3B784F24B}.Release|x64.Build.0 = Release|Any CPU
		{10BE1F82-995B-4A1B-AE48-AFF3B784F24B}.Release|x86.ActiveCfg = Release|Any CPU
		{10BE1F82-995B-4A1B-AE48-AFF3B784F24B}.Release|x86.Build.0 = Release|Any CPU
		{D2F2AA1A-8A0D-45B9-8491-CFDFF2B78A47}.Debug|Any CPU.ActiveCfg = Debug|Any CPU
		{D2F2AA1A-8A0D-45B9-8491-CFDFF2B78A47}.Debug|Any CPU.Build.0 = Debug|Any CPU
		{D2F2AA1A-8A0D-45B9-8491-CFDFF2B78A47}.Debug|x64.ActiveCfg = Debug|Any CPU
		{D2F2AA1A-8A0D-45B9-8491-CFDFF2B78A47}.Debug|x64.Build.0 = Debug|Any CPU
		{D2F2AA1A-8A0D-45B9-8491-CFDFF2B78A47}.Debug|x86.ActiveCfg = Debug|Any CPU
		{D2F2AA1A-8A0D-45B9-8491-CFDFF2B78A47}.Debug|x86.Build.0 = Debug|Any CPU
		{D2F2AA1A-8A0D-45B9-8491-CFDFF2B78A47}.Release|Any CPU.ActiveCfg = Release|Any CPU
		{D2F2AA1A-8A0D-45B9-8491-CFDFF2B78A47}.Release|Any CPU.Build.0 = Release|Any CPU
		{D2F2AA1A-8A0D-45B9-8491-CFDFF2B78A47}.Release|x64.ActiveCfg = Release|Any CPU
		{D2F2AA1A-8A0D-45B9-8491-CFDFF2B78A47}.Release|x64.Build.0 = Release|Any CPU
		{D2F2AA1A-8A0D-45B9-8491-CFDFF2B78A47}.Release|x86.ActiveCfg = Release|Any CPU
		{D2F2AA1A-8A0D-45B9-8491-CFDFF2B78A47}.Release|x86.Build.0 = Release|Any CPU
		{E851E212-1EB4-40B4-8596-31FF26AE2594}.Debug|Any CPU.ActiveCfg = Debug|Any CPU
		{E851E212-1EB4-40B4-8596-31FF26AE2594}.Debug|Any CPU.Build.0 = Debug|Any CPU
		{E851E212-1EB4-40B4-8596-31FF26AE2594}.Debug|x64.ActiveCfg = Debug|Any CPU
		{E851E212-1EB4-40B4-8596-31FF26AE2594}.Debug|x64.Build.0 = Debug|Any CPU
		{E851E212-1EB4-40B4-8596-31FF26AE2594}.Debug|x86.ActiveCfg = Debug|Any CPU
		{E851E212-1EB4-40B4-8596-31FF26AE2594}.Debug|x86.Build.0 = Debug|Any CPU
		{E851E212-1EB4-40B4-8596-31FF26AE2594}.Release|Any CPU.ActiveCfg = Release|Any CPU
		{E851E212-1EB4-40B4-8596-31FF26AE2594}.Release|Any CPU.Build.0 = Release|Any CPU
		{E851E212-1EB4-40B4-8596-31FF26AE2594}.Release|x64.ActiveCfg = Release|Any CPU
		{E851E212-1EB4-40B4-8596-31FF26AE2594}.Release|x64.Build.0 = Release|Any CPU
		{E851E212-1EB4-40B4-8596-31FF26AE2594}.Release|x86.ActiveCfg = Release|Any CPU
		{E851E212-1EB4-40B4-8596-31FF26AE2594}.Release|x86.Build.0 = Release|Any CPU
		{463CE74A-0771-437B-B4E6-E058269311B9}.Debug|Any CPU.ActiveCfg = Debug|Any CPU
		{463CE74A-0771-437B-B4E6-E058269311B9}.Debug|Any CPU.Build.0 = Debug|Any CPU
		{463CE74A-0771-437B-B4E6-E058269311B9}.Debug|x64.ActiveCfg = Debug|Any CPU
		{463CE74A-0771-437B-B4E6-E058269311B9}.Debug|x64.Build.0 = Debug|Any CPU
		{463CE74A-0771-437B-B4E6-E058269311B9}.Debug|x86.ActiveCfg = Debug|Any CPU
		{463CE74A-0771-437B-B4E6-E058269311B9}.Debug|x86.Build.0 = Debug|Any CPU
		{463CE74A-0771-437B-B4E6-E058269311B9}.Release|Any CPU.ActiveCfg = Release|Any CPU
		{463CE74A-0771-437B-B4E6-E058269311B9}.Release|Any CPU.Build.0 = Release|Any CPU
		{463CE74A-0771-437B-B4E6-E058269311B9}.Release|x64.ActiveCfg = Release|Any CPU
		{463CE74A-0771-437B-B4E6-E058269311B9}.Release|x64.Build.0 = Release|Any CPU
		{463CE74A-0771-437B-B4E6-E058269311B9}.Release|x86.ActiveCfg = Release|Any CPU
		{463CE74A-0771-437B-B4E6-E058269311B9}.Release|x86.Build.0 = Release|Any CPU
		{0A8E1776-19B5-41AE-959D-E887E06C4C4A}.Debug|Any CPU.ActiveCfg = Debug|Any CPU
		{0A8E1776-19B5-41AE-959D-E887E06C4C4A}.Debug|Any CPU.Build.0 = Debug|Any CPU
		{0A8E1776-19B5-41AE-959D-E887E06C4C4A}.Debug|x64.ActiveCfg = Debug|Any CPU
		{0A8E1776-19B5-41AE-959D-E887E06C4C4A}.Debug|x64.Build.0 = Debug|Any CPU
		{0A8E1776-19B5-41AE-959D-E887E06C4C4A}.Debug|x86.ActiveCfg = Debug|Any CPU
		{0A8E1776-19B5-41AE-959D-E887E06C4C4A}.Debug|x86.Build.0 = Debug|Any CPU
		{0A8E1776-19B5-41AE-959D-E887E06C4C4A}.Release|Any CPU.ActiveCfg = Release|Any CPU
		{0A8E1776-19B5-41AE-959D-E887E06C4C4A}.Release|Any CPU.Build.0 = Release|Any CPU
		{0A8E1776-19B5-41AE-959D-E887E06C4C4A}.Release|x64.ActiveCfg = Release|Any CPU
		{0A8E1776-19B5-41AE-959D-E887E06C4C4A}.Release|x64.Build.0 = Release|Any CPU
		{0A8E1776-19B5-41AE-959D-E887E06C4C4A}.Release|x86.ActiveCfg = Release|Any CPU
		{0A8E1776-19B5-41AE-959D-E887E06C4C4A}.Release|x86.Build.0 = Release|Any CPU
		{D9D9B467-A546-49C2-843D-45BE8E730FF8}.Debug|Any CPU.ActiveCfg = Debug|Any CPU
		{D9D9B467-A546-49C2-843D-45BE8E730FF8}.Debug|Any CPU.Build.0 = Debug|Any CPU
		{D9D9B467-A546-49C2-843D-45BE8E730FF8}.Debug|x64.ActiveCfg = Debug|Any CPU
		{D9D9B467-A546-49C2-843D-45BE8E730FF8}.Debug|x64.Build.0 = Debug|Any CPU
		{D9D9B467-A546-49C2-843D-45BE8E730FF8}.Debug|x86.ActiveCfg = Debug|Any CPU
		{D9D9B467-A546-49C2-843D-45BE8E730FF8}.Debug|x86.Build.0 = Debug|Any CPU
		{D9D9B467-A546-49C2-843D-45BE8E730FF8}.Release|Any CPU.ActiveCfg = Release|Any CPU
		{D9D9B467-A546-49C2-843D-45BE8E730FF8}.Release|Any CPU.Build.0 = Release|Any CPU
		{D9D9B467-A546-49C2-843D-45BE8E730FF8}.Release|x64.ActiveCfg = Release|Any CPU
		{D9D9B467-A546-49C2-843D-45BE8E730FF8}.Release|x64.Build.0 = Release|Any CPU
		{D9D9B467-A546-49C2-843D-45BE8E730FF8}.Release|x86.ActiveCfg = Release|Any CPU
		{D9D9B467-A546-49C2-843D-45BE8E730FF8}.Release|x86.Build.0 = Release|Any CPU
		{900EA66A-2ECD-423E-8AD0-6F46DF2999E0}.Debug|Any CPU.ActiveCfg = Debug|Any CPU
		{900EA66A-2ECD-423E-8AD0-6F46DF2999E0}.Debug|Any CPU.Build.0 = Debug|Any CPU
		{900EA66A-2ECD-423E-8AD0-6F46DF2999E0}.Debug|x64.ActiveCfg = Debug|Any CPU
		{900EA66A-2ECD-423E-8AD0-6F46DF2999E0}.Debug|x64.Build.0 = Debug|Any CPU
		{900EA66A-2ECD-423E-8AD0-6F46DF2999E0}.Debug|x86.ActiveCfg = Debug|Any CPU
		{900EA66A-2ECD-423E-8AD0-6F46DF2999E0}.Debug|x86.Build.0 = Debug|Any CPU
		{900EA66A-2ECD-423E-8AD0-6F46DF2999E0}.Release|Any CPU.ActiveCfg = Release|Any CPU
		{900EA66A-2ECD-423E-8AD0-6F46DF2999E0}.Release|Any CPU.Build.0 = Release|Any CPU
		{900EA66A-2ECD-423E-8AD0-6F46DF2999E0}.Release|x64.ActiveCfg = Release|Any CPU
		{900EA66A-2ECD-423E-8AD0-6F46DF2999E0}.Release|x64.Build.0 = Release|Any CPU
		{900EA66A-2ECD-423E-8AD0-6F46DF2999E0}.Release|x86.ActiveCfg = Release|Any CPU
		{900EA66A-2ECD-423E-8AD0-6F46DF2999E0}.Release|x86.Build.0 = Release|Any CPU
		{9A94A91A-329F-4559-937C-D15DC2CBE72A}.Debug|Any CPU.ActiveCfg = Debug|Any CPU
		{9A94A91A-329F-4559-937C-D15DC2CBE72A}.Debug|Any CPU.Build.0 = Debug|Any CPU
		{9A94A91A-329F-4559-937C-D15DC2CBE72A}.Debug|x64.ActiveCfg = Debug|Any CPU
		{9A94A91A-329F-4559-937C-D15DC2CBE72A}.Debug|x64.Build.0 = Debug|Any CPU
		{9A94A91A-329F-4559-937C-D15DC2CBE72A}.Debug|x86.ActiveCfg = Debug|Any CPU
		{9A94A91A-329F-4559-937C-D15DC2CBE72A}.Debug|x86.Build.0 = Debug|Any CPU
		{9A94A91A-329F-4559-937C-D15DC2CBE72A}.Release|Any CPU.ActiveCfg = Release|Any CPU
		{9A94A91A-329F-4559-937C-D15DC2CBE72A}.Release|Any CPU.Build.0 = Release|Any CPU
		{9A94A91A-329F-4559-937C-D15DC2CBE72A}.Release|x64.ActiveCfg = Release|Any CPU
		{9A94A91A-329F-4559-937C-D15DC2CBE72A}.Release|x64.Build.0 = Release|Any CPU
		{9A94A91A-329F-4559-937C-D15DC2CBE72A}.Release|x86.ActiveCfg = Release|Any CPU
		{9A94A91A-329F-4559-937C-D15DC2CBE72A}.Release|x86.Build.0 = Release|Any CPU
		{36B0C54B-2F26-4D6F-907C-A19FD8B7A064}.Debug|Any CPU.ActiveCfg = Debug|Any CPU
		{36B0C54B-2F26-4D6F-907C-A19FD8B7A064}.Debug|Any CPU.Build.0 = Debug|Any CPU
		{36B0C54B-2F26-4D6F-907C-A19FD8B7A064}.Debug|x64.ActiveCfg = Debug|Any CPU
		{36B0C54B-2F26-4D6F-907C-A19FD8B7A064}.Debug|x64.Build.0 = Debug|Any CPU
		{36B0C54B-2F26-4D6F-907C-A19FD8B7A064}.Debug|x86.ActiveCfg = Debug|Any CPU
		{36B0C54B-2F26-4D6F-907C-A19FD8B7A064}.Debug|x86.Build.0 = Debug|Any CPU
		{36B0C54B-2F26-4D6F-907C-A19FD8B7A064}.Release|Any CPU.ActiveCfg = Release|Any CPU
		{36B0C54B-2F26-4D6F-907C-A19FD8B7A064}.Release|Any CPU.Build.0 = Release|Any CPU
		{36B0C54B-2F26-4D6F-907C-A19FD8B7A064}.Release|x64.ActiveCfg = Release|Any CPU
		{36B0C54B-2F26-4D6F-907C-A19FD8B7A064}.Release|x64.Build.0 = Release|Any CPU
		{36B0C54B-2F26-4D6F-907C-A19FD8B7A064}.Release|x86.ActiveCfg = Release|Any CPU
		{36B0C54B-2F26-4D6F-907C-A19FD8B7A064}.Release|x86.Build.0 = Release|Any CPU
		{5043194F-4908-4337-A148-97B9CBD8CB82}.Debug|Any CPU.ActiveCfg = Debug|Any CPU
		{5043194F-4908-4337-A148-97B9CBD8CB82}.Debug|Any CPU.Build.0 = Debug|Any CPU
		{5043194F-4908-4337-A148-97B9CBD8CB82}.Debug|x64.ActiveCfg = Debug|Any CPU
		{5043194F-4908-4337-A148-97B9CBD8CB82}.Debug|x64.Build.0 = Debug|Any CPU
		{5043194F-4908-4337-A148-97B9CBD8CB82}.Debug|x86.ActiveCfg = Debug|Any CPU
		{5043194F-4908-4337-A148-97B9CBD8CB82}.Debug|x86.Build.0 = Debug|Any CPU
		{5043194F-4908-4337-A148-97B9CBD8CB82}.Release|Any CPU.ActiveCfg = Release|Any CPU
		{5043194F-4908-4337-A148-97B9CBD8CB82}.Release|Any CPU.Build.0 = Release|Any CPU
		{5043194F-4908-4337-A148-97B9CBD8CB82}.Release|x64.ActiveCfg = Release|Any CPU
		{5043194F-4908-4337-A148-97B9CBD8CB82}.Release|x64.Build.0 = Release|Any CPU
		{5043194F-4908-4337-A148-97B9CBD8CB82}.Release|x86.ActiveCfg = Release|Any CPU
		{5043194F-4908-4337-A148-97B9CBD8CB82}.Release|x86.Build.0 = Release|Any CPU
		{305B2295-0C04-48D6-914B-4B1C30C153CC}.Debug|Any CPU.ActiveCfg = Debug|Any CPU
		{305B2295-0C04-48D6-914B-4B1C30C153CC}.Debug|Any CPU.Build.0 = Debug|Any CPU
		{305B2295-0C04-48D6-914B-4B1C30C153CC}.Debug|x64.ActiveCfg = Debug|Any CPU
		{305B2295-0C04-48D6-914B-4B1C30C153CC}.Debug|x64.Build.0 = Debug|Any CPU
		{305B2295-0C04-48D6-914B-4B1C30C153CC}.Debug|x86.ActiveCfg = Debug|Any CPU
		{305B2295-0C04-48D6-914B-4B1C30C153CC}.Debug|x86.Build.0 = Debug|Any CPU
		{305B2295-0C04-48D6-914B-4B1C30C153CC}.Release|Any CPU.ActiveCfg = Release|Any CPU
		{305B2295-0C04-48D6-914B-4B1C30C153CC}.Release|Any CPU.Build.0 = Release|Any CPU
		{305B2295-0C04-48D6-914B-4B1C30C153CC}.Release|x64.ActiveCfg = Release|Any CPU
		{305B2295-0C04-48D6-914B-4B1C30C153CC}.Release|x64.Build.0 = Release|Any CPU
		{305B2295-0C04-48D6-914B-4B1C30C153CC}.Release|x86.ActiveCfg = Release|Any CPU
		{305B2295-0C04-48D6-914B-4B1C30C153CC}.Release|x86.Build.0 = Release|Any CPU
		{2517EF78-4C4F-4F3A-A245-31CCBC0E2003}.Debug|Any CPU.ActiveCfg = Debug|Any CPU
		{2517EF78-4C4F-4F3A-A245-31CCBC0E2003}.Debug|Any CPU.Build.0 = Debug|Any CPU
		{2517EF78-4C4F-4F3A-A245-31CCBC0E2003}.Debug|x64.ActiveCfg = Debug|Any CPU
		{2517EF78-4C4F-4F3A-A245-31CCBC0E2003}.Debug|x64.Build.0 = Debug|Any CPU
		{2517EF78-4C4F-4F3A-A245-31CCBC0E2003}.Debug|x86.ActiveCfg = Debug|Any CPU
		{2517EF78-4C4F-4F3A-A245-31CCBC0E2003}.Debug|x86.Build.0 = Debug|Any CPU
		{2517EF78-4C4F-4F3A-A245-31CCBC0E2003}.Release|Any CPU.ActiveCfg = Release|Any CPU
		{2517EF78-4C4F-4F3A-A245-31CCBC0E2003}.Release|Any CPU.Build.0 = Release|Any CPU
		{2517EF78-4C4F-4F3A-A245-31CCBC0E2003}.Release|x64.ActiveCfg = Release|Any CPU
		{2517EF78-4C4F-4F3A-A245-31CCBC0E2003}.Release|x64.Build.0 = Release|Any CPU
		{2517EF78-4C4F-4F3A-A245-31CCBC0E2003}.Release|x86.ActiveCfg = Release|Any CPU
		{2517EF78-4C4F-4F3A-A245-31CCBC0E2003}.Release|x86.Build.0 = Release|Any CPU
	EndGlobalSection
	GlobalSection(SolutionProperties) = preSolution
		HideSolutionNode = FALSE
	EndGlobalSection
	GlobalSection(NestedProjects) = preSolution
		{8F596DA0-4ED3-4F43-AF4E-59FC0B1AA68F} = {580D962A-4D28-4334-A53D-BBC2653C5934}
		{159224C6-28E6-411F-961E-78B950979FA6} = {580D962A-4D28-4334-A53D-BBC2653C5934}
		{10BE1F82-995B-4A1B-AE48-AFF3B784F24B} = {580D962A-4D28-4334-A53D-BBC2653C5934}
		{D2F2AA1A-8A0D-45B9-8491-CFDFF2B78A47} = {580D962A-4D28-4334-A53D-BBC2653C5934}
		{E851E212-1EB4-40B4-8596-31FF26AE2594} = {580D962A-4D28-4334-A53D-BBC2653C5934}
		{463CE74A-0771-437B-B4E6-E058269311B9} = {580D962A-4D28-4334-A53D-BBC2653C5934}
		{9A94A91A-329F-4559-937C-D15DC2CBE72A} = {AA160D43-E8B9-4402-BBD2-8E1A1D8703B1}
	EndGlobalSection
	GlobalSection(ExtensibilityGlobals) = postSolution
		SolutionGuid = {0DE777B8-1B65-467A-B772-3FB1354A1F0C}
	EndGlobalSection
EndGlobal
